# This file is automatically @generated by Poetry and should not be changed by hand.

[[package]]
name = "dnspython"
version = "2.4.2"
description = "DNS toolkit"
category = "main"
optional = false
python-versions = ">=3.8,<4.0"
files = [
    {file = "dnspython-2.4.2-py3-none-any.whl", hash = "sha256:57c6fbaaeaaf39c891292012060beb141791735dbb4004798328fc2c467402d8"},
    {file = "dnspython-2.4.2.tar.gz", hash = "sha256:8dcfae8c7460a2f84b4072e26f1c9f4101ca20c071649cb7c34e8b6a93d58984"},
]

[package.extras]
dnssec = ["cryptography (>=2.6,<42.0)"]
doh = ["h2 (>=4.1.0)", "httpcore (>=0.17.3)", "httpx (>=0.24.1)"]
doq = ["aioquic (>=0.9.20)"]
idna = ["idna (>=2.1,<4.0)"]
trio = ["trio (>=0.14,<0.23)"]
wmi = ["wmi (>=1.5.1,<2.0.0)"]

[[package]]
name = "mongoengine"
version = "0.27.0"
description = "MongoEngine is a Python Object-Document Mapper for working with MongoDB."
category = "main"
optional = false
python-versions = ">=3.7"
files = [
    {file = "mongoengine-0.27.0-py3-none-any.whl", hash = "sha256:c3523b8f886052f3deb200b3218bcc13e4b781661e3bea38587cc936c80ea358"},
    {file = "mongoengine-0.27.0.tar.gz", hash = "sha256:8f38df7834dc4b192d89f2668dcf3091748d12f74d55648ce77b919167a4a49b"},
]

[package.dependencies]
pymongo = ">=3.4,<5.0"

[[package]]
name = "pymongo"
version = "4.6.0"
description = "Python driver for MongoDB <http://www.mongodb.org>"
category = "main"
optional = false
python-versions = ">=3.7"
files = [
    {file = "pymongo-4.6.0-cp310-cp310-macosx_10_9_universal2.whl", hash = "sha256:c011bd5ad03cc096f99ffcfdd18a1817354132c1331bed7a837a25226659845f"},
    {file = "pymongo-4.6.0-cp310-cp310-manylinux1_i686.whl", hash = "sha256:5e63146dbdb1eac207464f6e0cfcdb640c9c5ff0f57b754fa96fe252314a1dc6"},
    {file = "pymongo-4.6.0-cp310-cp310-manylinux2014_aarch64.whl", hash = "sha256:2972dd1f1285866aba027eff2f4a2bbf8aa98563c2ced14cb34ee5602b36afdf"},
    {file = "pymongo-4.6.0-cp310-cp310-manylinux2014_i686.whl", hash = "sha256:a0be99b599da95b7a90a918dd927b20c434bea5e1c9b3efc6a3c6cd67c23f813"},
    {file = "pymongo-4.6.0-cp310-cp310-manylinux2014_ppc64le.whl", hash = "sha256:9b0f98481ad5dc4cb430a60bbb8869f05505283b9ae1c62bdb65eb5e020ee8e3"},
    {file = "pymongo-4.6.0-cp310-cp310-manylinux2014_s390x.whl", hash = "sha256:256c503a75bd71cf7fb9ebf889e7e222d49c6036a48aad5a619f98a0adf0e0d7"},
    {file = "pymongo-4.6.0-cp310-cp310-manylinux2014_x86_64.whl", hash = "sha256:b4ad70d7cac4ca0c7b31444a0148bd3af01a2662fa12b1ad6f57cd4a04e21766"},
    {file = "pymongo-4.6.0-cp310-cp310-manylinux_2_17_aarch64.manylinux2014_aarch64.whl", hash = "sha256:5717a308a703dda2886a5796a07489c698b442f5e409cf7dc2ac93de8d61d764"},
    {file = "pymongo-4.6.0-cp310-cp310-manylinux_2_17_ppc64le.manylinux2014_ppc64le.whl", hash = "sha256:a8f7f9feecae53fa18d6a3ea7c75f9e9a1d4d20e5c3f9ce3fba83f07bcc4eee2"},
    {file = "pymongo-4.6.0-cp310-cp310-manylinux_2_17_s390x.manylinux2014_s390x.whl", hash = "sha256:128b1485753106c54af481789cdfea12b90a228afca0b11fb3828309a907e10e"},
    {file = "pymongo-4.6.0-cp310-cp310-manylinux_2_17_x86_64.manylinux2014_x86_64.whl", hash = "sha256:d3077a31633beef77d057c6523f5de7271ddef7bde5e019285b00c0cc9cac1e3"},
    {file = "pymongo-4.6.0-cp310-cp310-manylinux_2_5_i686.manylinux1_i686.manylinux_2_17_i686.manylinux2014_i686.whl", hash = "sha256:ebf02c32afa6b67e5861a27183dd98ed88419a94a2ab843cc145fb0bafcc5b28"},
    {file = "pymongo-4.6.0-cp310-cp310-win32.whl", hash = "sha256:b14dd73f595199f4275bed4fb509277470d9b9059310537e3b3daba12b30c157"},
    {file = "pymongo-4.6.0-cp310-cp310-win_amd64.whl", hash = "sha256:8adf014f2779992eba3b513e060d06f075f0ab2fb3ad956f413a102312f65cdf"},
    {file = "pymongo-4.6.0-cp311-cp311-macosx_10_9_universal2.whl", hash = "sha256:ba51129fcc510824b6ca6e2ce1c27e3e4d048b6e35d3ae6f7e517bed1b8b25ce"},
    {file = "pymongo-4.6.0-cp311-cp311-manylinux_2_17_aarch64.manylinux2014_aarch64.whl", hash = "sha256:2973f113e079fb98515722cd728e1820282721ec9fd52830e4b73cabdbf1eb28"},
    {file = "pymongo-4.6.0-cp311-cp311-manylinux_2_17_ppc64le.manylinux2014_ppc64le.whl", hash = "sha256:af425f323fce1b07755edd783581e7283557296946212f5b1a934441718e7528"},
    {file = "pymongo-4.6.0-cp311-cp311-manylinux_2_17_s390x.manylinux2014_s390x.whl", hash = "sha256:1ec71ac633b126c0775ed4604ca8f56c3540f5c21a1220639f299e7a544b55f9"},
    {file = "pymongo-4.6.0-cp311-cp311-manylinux_2_17_x86_64.manylinux2014_x86_64.whl", hash = "sha256:3ec6c20385c5a58e16b1ea60c5e4993ea060540671d7d12664f385f2fb32fe79"},
    {file = "pymongo-4.6.0-cp311-cp311-manylinux_2_5_i686.manylinux1_i686.manylinux_2_17_i686.manylinux2014_i686.whl", hash = "sha256:85f2cdc400ee87f5952ebf2a117488f2525a3fb2e23863a8efe3e4ee9e54e4d1"},
    {file = "pymongo-4.6.0-cp311-cp311-win32.whl", hash = "sha256:7fc2bb8a74dcfcdd32f89528e38dcbf70a3a6594963d60dc9595e3b35b66e414"},
    {file = "pymongo-4.6.0-cp311-cp311-win_amd64.whl", hash = "sha256:6695d7136a435c1305b261a9ddb9b3ecec9863e05aab3935b96038145fd3a977"},
    {file = "pymongo-4.6.0-cp312-cp312-macosx_10_9_universal2.whl", hash = "sha256:d603edea1ff7408638b2504905c032193b7dcee7af269802dbb35bc8c3310ed5"},
    {file = "pymongo-4.6.0-cp312-cp312-manylinux_2_17_aarch64.manylinux2014_aarch64.whl", hash = "sha256:79f41576b3022c2fe9780ae3e44202b2438128a25284a8ddfa038f0785d87019"},
    {file = "pymongo-4.6.0-cp312-cp312-manylinux_2_17_ppc64le.manylinux2014_ppc64le.whl", hash = "sha256:49f2af6cf82509b15093ce3569229e0d53c90ad8ae2eef940652d4cf1f81e045"},
    {file = "pymongo-4.6.0-cp312-cp312-manylinux_2_17_s390x.manylinux2014_s390x.whl", hash = "sha256:ecd9e1fa97aa11bf67472220285775fa15e896da108f425e55d23d7540a712ce"},
    {file = "pymongo-4.6.0-cp312-cp312-manylinux_2_17_x86_64.manylinux2014_x86_64.whl", hash = "sha256:2d2be5c9c3488fa8a70f83ed925940f488eac2837a996708d98a0e54a861f212"},
    {file = "pymongo-4.6.0-cp312-cp312-manylinux_2_5_i686.manylinux1_i686.manylinux_2_17_i686.manylinux2014_i686.whl", hash = "sha256:8ab6bcc8e424e07c1d4ba6df96f7fb963bcb48f590b9456de9ebd03b88084fe8"},
    {file = "pymongo-4.6.0-cp312-cp312-win32.whl", hash = "sha256:47aa128be2e66abd9d1a9b0437c62499d812d291f17b55185cb4aa33a5f710a4"},
    {file = "pymongo-4.6.0-cp312-cp312-win_amd64.whl", hash = "sha256:014e7049dd019a6663747ca7dae328943e14f7261f7c1381045dfc26a04fa330"},
    {file = "pymongo-4.6.0-cp37-cp37m-manylinux1_i686.whl", hash = "sha256:288c21ab9531b037f7efa4e467b33176bc73a0c27223c141b822ab4a0e66ff2a"},
    {file = "pymongo-4.6.0-cp37-cp37m-manylinux1_x86_64.whl", hash = "sha256:747c84f4e690fbe6999c90ac97246c95d31460d890510e4a3fa61b7d2b87aa34"},
    {file = "pymongo-4.6.0-cp37-cp37m-manylinux2014_aarch64.whl", hash = "sha256:055f5c266e2767a88bb585d01137d9c7f778b0195d3dbf4a487ef0638be9b651"},
    {file = "pymongo-4.6.0-cp37-cp37m-manylinux2014_i686.whl", hash = "sha256:82e620842e12e8cb4050d2643a81c8149361cd82c0a920fa5a15dc4ca8a4000f"},
    {file = "pymongo-4.6.0-cp37-cp37m-manylinux2014_ppc64le.whl", hash = "sha256:6b18276f14b4b6d92e707ab6db19b938e112bd2f1dc3f9f1a628df58e4fd3f0d"},
    {file = "pymongo-4.6.0-cp37-cp37m-manylinux2014_s390x.whl", hash = "sha256:680fa0fc719e1a3dcb81130858368f51d83667d431924d0bcf249644bce8f303"},
    {file = "pymongo-4.6.0-cp37-cp37m-manylinux2014_x86_64.whl", hash = "sha256:3919708594b86d0f5cdc713eb6fccd3f9b9532af09ea7a5d843c933825ef56c4"},
    {file = "pymongo-4.6.0-cp37-cp37m-manylinux_2_17_aarch64.manylinux2014_aarch64.whl", hash = "sha256:db082f728160369d9a6ed2e722438291558fc15ce06d0a7d696a8dad735c236b"},
    {file = "pymongo-4.6.0-cp37-cp37m-manylinux_2_17_ppc64le.manylinux2014_ppc64le.whl", hash = "sha256:1e4ed21029d80c4f62605ab16398fe1ce093fff4b5f22d114055e7d9fbc4adb0"},
    {file = "pymongo-4.6.0-cp37-cp37m-manylinux_2_17_s390x.manylinux2014_s390x.whl", hash = "sha256:9bea9138b0fc6e2218147e9c6ce1ff76ff8e29dc00bb1b64842bd1ca107aee9f"},
    {file = "pymongo-4.6.0-cp37-cp37m-manylinux_2_17_x86_64.manylinux2014_x86_64.whl", hash = "sha256:4a0269811661ba93c472c8a60ea82640e838c2eb148d252720a09b5123f2c2fe"},
    {file = "pymongo-4.6.0-cp37-cp37m-manylinux_2_5_i686.manylinux1_i686.manylinux_2_17_i686.manylinux2014_i686.whl", hash = "sha256:6d6a1b1361f118e7fefa17ae3114e77f10ee1b228b20d50c47c9f351346180c8"},
    {file = "pymongo-4.6.0-cp37-cp37m-manylinux_2_5_i686.manylinux1_i686.whl", hash = "sha256:7e3b0127b260d4abae7b62203c4c7ef0874c901b55155692353db19de4b18bc4"},
    {file = "pymongo-4.6.0-cp37-cp37m-manylinux_2_5_x86_64.manylinux1_x86_64.whl", hash = "sha256:a49aca4d961823b2846b739380c847e8964ff7ae0f0a683992b9d926054f0d6d"},
    {file = "pymongo-4.6.0-cp37-cp37m-win32.whl", hash = "sha256:09c7de516b08c57647176b9fc21d929d628e35bcebc7422220c89ae40b62126a"},
    {file = "pymongo-4.6.0-cp37-cp37m-win_amd64.whl", hash = "sha256:81dd1308bd5630d2bb5980f00aa163b986b133f1e9ed66c66ce2a5bc3572e891"},
    {file = "pymongo-4.6.0-cp38-cp38-macosx_11_0_universal2.whl", hash = "sha256:2f8c04277d879146eacda920476e93d520eff8bec6c022ac108cfa6280d84348"},
    {file = "pymongo-4.6.0-cp38-cp38-manylinux1_i686.whl", hash = "sha256:5802acc012bbb4bce4dff92973dff76482f30ef35dd4cb8ab5b0e06aa8f08c80"},
    {file = "pymongo-4.6.0-cp38-cp38-manylinux1_x86_64.whl", hash = "sha256:ccd785fafa1c931deff6a7116e9a0d402d59fabe51644b0d0c268295ff847b25"},
    {file = "pymongo-4.6.0-cp38-cp38-manylinux2014_aarch64.whl", hash = "sha256:fe03bf25fae4b95d8afe40004a321df644400fdcba4c8e5e1a19c1085b740888"},
    {file = "pymongo-4.6.0-cp38-cp38-manylinux2014_i686.whl", hash = "sha256:2ca0ba501898b2ec31e6c3acf90c31910944f01d454ad8e489213a156ccf1bda"},
    {file = "pymongo-4.6.0-cp38-cp38-manylinux2014_ppc64le.whl", hash = "sha256:10a379fb60f1b2406ae57b8899bacfe20567918c8e9d2d545e1b93628fcf2050"},
    {file = "pymongo-4.6.0-cp38-cp38-manylinux2014_s390x.whl", hash = "sha256:a4dc1319d0c162919ee7f4ee6face076becae2abbd351cc14f1fe70af5fb20d9"},
    {file = "pymongo-4.6.0-cp38-cp38-manylinux2014_x86_64.whl", hash = "sha256:ddef295aaf80cefb0c1606f1995899efcb17edc6b327eb6589e234e614b87756"},
    {file = "pymongo-4.6.0-cp38-cp38-manylinux_2_17_aarch64.manylinux2014_aarch64.whl", hash = "sha256:518c90bdd6e842c446d01a766b9136fec5ec6cc94f3b8c3f8b4a332786ee6b64"},
    {file = "pymongo-4.6.0-cp38-cp38-manylinux_2_17_ppc64le.manylinux2014_ppc64le.whl", hash = "sha256:b80a4ee19b3442c57c38afa978adca546521a8822d663310b63ae2a7d7b13f3a"},
    {file = "pymongo-4.6.0-cp38-cp38-manylinux_2_17_s390x.manylinux2014_s390x.whl", hash = "sha256:eb438a8bf6b695bf50d57e6a059ff09652a07968b2041178b3744ea785fcef9b"},
    {file = "pymongo-4.6.0-cp38-cp38-manylinux_2_17_x86_64.manylinux2014_x86_64.whl", hash = "sha256:e3db7d833a7c38c317dc95b54e27f1d27012e031b45a7c24e360b53197d5f6e7"},
    {file = "pymongo-4.6.0-cp38-cp38-manylinux_2_5_i686.manylinux1_i686.manylinux_2_17_i686.manylinux2014_i686.whl", hash = "sha256:3729b8db02063da50eeb3db88a27670d85953afb9a7f14c213ac9e3dca93034b"},
    {file = "pymongo-4.6.0-cp38-cp38-manylinux_2_5_i686.manylinux1_i686.whl", hash = "sha256:39a1cd5d383b37285641d5a7a86be85274466ae336a61b51117155936529f9b3"},
    {file = "pymongo-4.6.0-cp38-cp38-manylinux_2_5_x86_64.manylinux1_x86_64.whl", hash = "sha256:7b0e6361754ac596cd16bfc6ed49f69ffcd9b60b7bc4bcd3ea65c6a83475e4ff"},
    {file = "pymongo-4.6.0-cp38-cp38-win32.whl", hash = "sha256:806e094e9e85d8badc978af8c95b69c556077f11844655cb8cd2d1758769e521"},
    {file = "pymongo-4.6.0-cp38-cp38-win_amd64.whl", hash = "sha256:1394c4737b325166a65ae7c145af1ebdb9fb153ebedd37cf91d676313e4a67b8"},
    {file = "pymongo-4.6.0-cp39-cp39-macosx_10_9_universal2.whl", hash = "sha256:a8273e1abbcff1d7d29cbbb1ea7e57d38be72f1af3c597c854168508b91516c2"},
    {file = "pymongo-4.6.0-cp39-cp39-manylinux1_i686.whl", hash = "sha256:e16ade71c93f6814d095d25cd6d28a90d63511ea396bd96e9ffcb886b278baaa"},
    {file = "pymongo-4.6.0-cp39-cp39-manylinux1_x86_64.whl", hash = "sha256:325701ae7b56daa5b0692305b7cb505ca50f80a1288abb32ff420a8a209b01ca"},
    {file = "pymongo-4.6.0-cp39-cp39-manylinux2014_aarch64.whl", hash = "sha256:cc94f9fea17a5af8cf1a343597711a26b0117c0b812550d99934acb89d526ed2"},
    {file = "pymongo-4.6.0-cp39-cp39-manylinux2014_i686.whl", hash = "sha256:21812453354b151200034750cd30b0140e82ec2a01fd4357390f67714a1bfbde"},
    {file = "pymongo-4.6.0-cp39-cp39-manylinux2014_ppc64le.whl", hash = "sha256:0634994b026336195778e5693583c060418d4ab453eff21530422690a97e1ee8"},
    {file = "pymongo-4.6.0-cp39-cp39-manylinux2014_s390x.whl", hash = "sha256:ad4f66fbb893b55f96f03020e67dcab49ffde0177c6565ccf9dec4fdf974eb61"},
    {file = "pymongo-4.6.0-cp39-cp39-manylinux2014_x86_64.whl", hash = "sha256:2703a9f8f5767986b4f51c259ff452cc837c5a83c8ed5f5361f6e49933743b2f"},
    {file = "pymongo-4.6.0-cp39-cp39-manylinux_2_17_aarch64.manylinux2014_aarch64.whl", hash = "sha256:6bafea6061d63059d8bc2ffc545e2f049221c8a4457d236c5cd6a66678673eab"},
    {file = "pymongo-4.6.0-cp39-cp39-manylinux_2_17_ppc64le.manylinux2014_ppc64le.whl", hash = "sha256:f28ae33dc5a0b9cee06e95fd420e42155d83271ab75964baf747ce959cac5f52"},
    {file = "pymongo-4.6.0-cp39-cp39-manylinux_2_17_s390x.manylinux2014_s390x.whl", hash = "sha256:d16a534da0e39785687b7295e2fcf9a339f4a20689024983d11afaa4657f8507"},
    {file = "pymongo-4.6.0-cp39-cp39-manylinux_2_17_x86_64.manylinux2014_x86_64.whl", hash = "sha256:ef67fedd863ffffd4adfd46d9d992b0f929c7f61a8307366d664d93517f2c78e"},
    {file = "pymongo-4.6.0-cp39-cp39-manylinux_2_5_i686.manylinux1_i686.manylinux_2_17_i686.manylinux2014_i686.whl", hash = "sha256:05c30fd35cc97f14f354916b45feea535d59060ef867446b5c3c7f9b609dd5dc"},
    {file = "pymongo-4.6.0-cp39-cp39-manylinux_2_5_i686.manylinux1_i686.whl", hash = "sha256:1c63e3a2e8fb815c4b1f738c284a4579897e37c3cfd95fdb199229a1ccfb638a"},
    {file = "pymongo-4.6.0-cp39-cp39-manylinux_2_5_x86_64.manylinux1_x86_64.whl", hash = "sha256:e5e193f89f4f8c1fe273f9a6e6df915092c9f2af6db2d1afb8bd53855025c11f"},
    {file = "pymongo-4.6.0-cp39-cp39-win32.whl", hash = "sha256:a09bfb51953930e7e838972ddf646c5d5f984992a66d79da6ba7f6a8d8a890cd"},
    {file = "pymongo-4.6.0-cp39-cp39-win_amd64.whl", hash = "sha256:107a234dc55affc5802acb3b6d83cbb8c87355b38a9457fcd8806bdeb8bce161"},
    {file = "pymongo-4.6.0.tar.gz", hash = "sha256:fb1c56d891f9e34303c451998ef62ba52659648bb0d75b03c5e4ac223a3342c2"},
]

[package.dependencies]
dnspython = ">=1.16.0,<3.0.0"

[package.extras]
aws = ["pymongo-auth-aws (<2.0.0)"]
encryption = ["certifi", "pymongo[aws]", "pymongocrypt (>=1.6.0,<2.0.0)"]
gssapi = ["pykerberos", "winkerberos (>=0.5.0)"]
ocsp = ["certifi", "cryptography (>=2.5)", "pyopenssl (>=17.2.0)", "requests (<3.0.0)", "service-identity (>=18.1.0)"]
snappy = ["python-snappy"]
test = ["pytest (>=7)"]
zstd = ["zstandard"]

[metadata]
lock-version = "2.0"
python-versions = "^3.10"
content-hash = "5f5aec25714e7bf9ed59845e9027fdcf10fcb8d6c2aede8ea74303582553c076"
